{
  "name": "clickable-item",
  "version": "1.0.0",
  "description": "react custom npm module",
  "main": "index.js",
  "scripts": {
    "test": "echo \"Error: no test specified\" && exit 1",
    "build": "npx babel src --out-file index.js --extensions .ts,.tsx"
  },
  "author": "BingulHan",
  "license": "ISC",
  "peerDependencies": {
    "react": "^18.2.0",
    "react-dom": "^18.2.0"
  },
  "devDependencies": {
    "@types/react": "^18.0.34",
    "react": "^18.2.0",
    "react-dom": "^18.2.0"
  },
  "dependencies": {
    "rollup": "^1.32.1"
  }
}
